
Microsoft Visual Studio Solution File, Format Version 12.00
# Visual Studio Version 17
VisualStudioVersion = 17.6.33723.286
MinimumVisualStudioVersion = 10.0.40219.1
Project("{9A19103F-16F7-4668-BE54-9A1E7A4F7556}") = "ConvTeploobmen.MathLib", "ConvTeploobmen.MathLib\ConvTeploobmen.MathLib.csproj", "{9DEC8E88-14E4-4311-9C99-0A024FF766E8}"
EndProject
Project("{9A19103F-16F7-4668-BE54-9A1E7A4F7556}") = "ConvTeploobmen.Tests", "ConvTeploobmen.Tests\ConvTeploobmen.Tests.csproj", "{A4E53105-737C-4AE2-AEAE-ED00B5A36582}"
EndProject
Project("{9A19103F-16F7-4668-BE54-9A1E7A4F7556}") = "ConvTeploobmen.Client", "ConvTeploobmen.Client\ConvTeploobmen.Client.csproj", "{0CC55886-0BA1-4515-B84D-BB31DC171B1B}"
EndProject
Global
	GlobalSection(SolutionConfigurationPlatforms) = preSolution
		Debug|Any CPU = Debug|Any CPU
		Release|Any CPU = Release|Any CPU
	EndGlobalSection
	GlobalSection(ProjectConfigurationPlatforms) = postSolution
		{9DEC8E88-14E4-4311-9C99-0A024FF766E8}.Debug|Any CPU.ActiveCfg = Debug|Any CPU
		{9DEC8E88-14E4-4311-9C99-0A024FF766E8}.Debug|Any CPU.Build.0 = Debug|Any CPU
		{9DEC8E88-14E4-4311-9C99-0A024FF766E8}.Release|Any CPU.ActiveCfg = Release|Any CPU
		{9DEC8E88-14E4-4311-9C99-0A024FF766E8}.Release|Any CPU.Build.0 = Release|Any CPU
		{A4E53105-737C-4AE2-AEAE-ED00B5A36582}.Debug|Any CPU.ActiveCfg = Debug|Any CPU
		{A4E53105-737C-4AE2-AEAE-ED00B5A36582}.Debug|Any CPU.Build.0 = Debug|Any CPU
		{A4E53105-737C-4AE2-AEAE-ED00B5A36582}.Release|Any CPU.ActiveCfg = Release|Any CPU
		{A4E53105-737C-4AE2-AEAE-ED00B5A36582}.Release|Any CPU.Build.0 = Release|Any CPU
		{0CC55886-0BA1-4515-B84D-BB31DC171B1B}.Debug|Any CPU.ActiveCfg = Debug|Any CPU
		{0CC55886-0BA1-4515-B84D-BB31DC171B1B}.Debug|Any CPU.Build.0 = Debug|Any CPU
		{0CC55886-0BA1-4515-B84D-BB31DC171B1B}.Release|Any CPU.ActiveCfg = Release|Any CPU
		{0CC55886-0BA1-4515-B84D-BB31DC171B1B}.Release|Any CPU.Build.0 = Release|Any CPU
	EndGlobalSection
	GlobalSection(SolutionProperties) = preSolution
		HideSolutionNode = FALSE
	EndGlobalSection
	GlobalSection(ExtensibilityGlobals) = postSolution
		SolutionGuid = {95B88EBC-6D88-476C-BF87-443F008B79B6}
	EndGlobalSection
EndGlobal
